// !$*UTF8*$!
{
	archiveVersion = 1;
	classes = {
	};
	objectVersion = 46;
	objects = {

/* Begin PBXBuildFile section */
		1E9A0CA51828C09A001D323D /* Frog.cpp in Sources */ = {isa = PBXBuildFile; fileRef = 1E9A0CA31828C09A001D323D /* Frog.cpp */; };
		9090291D18287FD700265EFE /* Sprite.cpp in Sources */ = {isa = PBXBuildFile; fileRef = 9090291B18287FD700265EFE /* Sprite.cpp */; };
		90ACCE9C182494530064E26A /* GameWorld.cpp in Sources */ = {isa = PBXBuildFile; fileRef = 90ACCE9A182494530064E26A /* GameWorld.cpp */; };
		90ACCED7182495200064E26A /* bush.bmp in Resources */ = {isa = PBXBuildFile; fileRef = 90ACCECA182495200064E26A /* bush.bmp */; };
		90ACCED8182495200064E26A /* car-end.bmp in Resources */ = {isa = PBXBuildFile; fileRef = 90ACCECB182495200064E26A /* car-end.bmp */; };
		90ACCED9182495200064E26A /* car-start.bmp in Resources */ = {isa = PBXBuildFile; fileRef = 90ACCECC182495200064E26A /* car-start.bmp */; };
		90ACCEDA182495200064E26A /* frog.bmp in Resources */ = {isa = PBXBuildFile; fileRef = 90ACCECD182495200064E26A /* frog.bmp */; };
		90ACCEDB182495200064E26A /* log-cont.bmp in Resources */ = {isa = PBXBuildFile; fileRef = 90ACCECE182495200064E26A /* log-cont.bmp */; };
		90ACCEDC182495200064E26A /* log-end.bmp in Resources */ = {isa = PBXBuildFile; fileRef = 90ACCECF182495200064E26A /* log-end.bmp */; };
		90ACCEDD182495200064E26A /* log-start.bmp in Resources */ = {isa = PBXBuildFile; fileRef = 90ACCED0182495200064E26A /* log-start.bmp */; };
		90ACCEDE182495200064E26A /* sidewalk.bmp in Resources */ = {isa = PBXBuildFile; fileRef = 90ACCED1182495200064E26A /* sidewalk.bmp */; };
		90ACCEDF182495200064E26A /* truck-cont.bmp in Resources */ = {isa = PBXBuildFile; fileRef = 90ACCED2182495200064E26A /* truck-cont.bmp */; };
		90ACCEE0182495200064E26A /* truck-end.bmp in Resources */ = {isa = PBXBuildFile; fileRef = 90ACCED3182495200064E26A /* truck-end.bmp */; };
		90ACCEE1182495200064E26A /* truck-start.bmp in Resources */ = {isa = PBXBuildFile; fileRef = 90ACCED4182495200064E26A /* truck-start.bmp */; };
		90ACCEE2182495200064E26A /* turtle-down.bmp in Resources */ = {isa = PBXBuildFile; fileRef = 90ACCED5182495200064E26A /* turtle-down.bmp */; };
		90ACCEE3182495200064E26A /* turtle-up.bmp in Resources */ = {isa = PBXBuildFile; fileRef = 90ACCED6182495200064E26A /* turtle-up.bmp */; };
		90FE7CF118208D23009FBB4B /* Cocoa.framework in Frameworks */ = {isa = PBXBuildFile; fileRef = 90FE7CF018208D23009FBB4B /* Cocoa.framework */; };
		90FE7CFB18208D23009FBB4B /* InfoPlist.strings in Resources */ = {isa = PBXBuildFile; fileRef = 90FE7CF918208D23009FBB4B /* InfoPlist.strings */; };
		90FE7D0118208D23009FBB4B /* Credits.rtf in Resources */ = {isa = PBXBuildFile; fileRef = 90FE7CFF18208D23009FBB4B /* Credits.rtf */; };
		90FE7D2518208EB2009FBB4B /* SDL2_image.framework in Frameworks */ = {isa = PBXBuildFile; fileRef = 90FE7D2318208EB2009FBB4B /* SDL2_image.framework */; };
		90FE7D2618208EB2009FBB4B /* SDL2.framework in Frameworks */ = {isa = PBXBuildFile; fileRef = 90FE7D2418208EB2009FBB4B /* SDL2.framework */; };
		90FE7D2918208F0D009FBB4B /* Game.cpp in Sources */ = {isa = PBXBuildFile; fileRef = 90FE7D2718208F0D009FBB4B /* Game.cpp */; };
		90FE7D2C18208F2D009FBB4B /* main.cpp in Sources */ = {isa = PBXBuildFile; fileRef = 90FE7D2A18208F2D009FBB4B /* main.cpp */; };
/* End PBXBuildFile section */

/* Begin PBXFileReference section */
		1E9A0CA31828C09A001D323D /* Frog.cpp */ = {isa = PBXFileReference; fileEncoding = 4; lastKnownFileType = sourcecode.cpp.cpp; path = Frog.cpp; sourceTree = "<group>"; };
		1E9A0CA41828C09A001D323D /* Frog.h */ = {isa = PBXFileReference; fileEncoding = 4; lastKnownFileType = sourcecode.c.h; path = Frog.h; sourceTree = "<group>"; };
		9090291B18287FD700265EFE /* Sprite.cpp */ = {isa = PBXFileReference; fileEncoding = 4; lastKnownFileType = sourcecode.cpp.cpp; path = Sprite.cpp; sourceTree = "<group>"; };
		9090291C18287FD700265EFE /* Sprite.h */ = {isa = PBXFileReference; fileEncoding = 4; lastKnownFileType = sourcecode.c.h; path = Sprite.h; sourceTree = "<group>"; };
		90ACCE99182493D40064E26A /* VirtKeys.h */ = {isa = PBXFileReference; lastKnownFileType = sourcecode.c.h; path = VirtKeys.h; sourceTree = "<group>"; };
		90ACCE9A182494530064E26A /* GameWorld.cpp */ = {isa = PBXFileReference; fileEncoding = 4; lastKnownFileType = sourcecode.cpp.cpp; path = GameWorld.cpp; sourceTree = "<group>"; };
		90ACCE9B182494530064E26A /* GameWorld.h */ = {isa = PBXFileReference; fileEncoding = 4; lastKnownFileType = sourcecode.c.h; path = GameWorld.h; sourceTree = "<group>"; };
		90ACCECA182495200064E26A /* bush.bmp */ = {isa = PBXFileReference; lastKnownFileType = image.bmp; name = bush.bmp; path = ../bush.bmp; sourceTree = "<group>"; };
		90ACCECB182495200064E26A /* car-end.bmp */ = {isa = PBXFileReference; lastKnownFileType = image.bmp; name = "car-end.bmp"; path = "../car-end.bmp"; sourceTree = "<group>"; };
		90ACCECC182495200064E26A /* car-start.bmp */ = {isa = PBXFileReference; lastKnownFileType = image.bmp; name = "car-start.bmp"; path = "../car-start.bmp"; sourceTree = "<group>"; };
		90ACCECD182495200064E26A /* frog.bmp */ = {isa = PBXFileReference; lastKnownFileType = image.bmp; name = frog.bmp; path = ../frog.bmp; sourceTree = "<group>"; };
		90ACCECE182495200064E26A /* log-cont.bmp */ = {isa = PBXFileReference; lastKnownFileType = image.bmp; name = "log-cont.bmp"; path = "../log-cont.bmp"; sourceTree = "<group>"; };
		90ACCECF182495200064E26A /* log-end.bmp */ = {isa = PBXFileReference; lastKnownFileType = image.bmp; name = "log-end.bmp"; path = "../log-end.bmp"; sourceTree = "<group>"; };
		90ACCED0182495200064E26A /* log-start.bmp */ = {isa = PBXFileReference; lastKnownFileType = image.bmp; name = "log-start.bmp"; path = "../log-start.bmp"; sourceTree = "<group>"; };
		90ACCED1182495200064E26A /* sidewalk.bmp */ = {isa = PBXFileReference; lastKnownFileType = image.bmp; name = sidewalk.bmp; path = ../sidewalk.bmp; sourceTree = "<group>"; };
		90ACCED2182495200064E26A /* truck-cont.bmp */ = {isa = PBXFileReference; lastKnownFileType = image.bmp; name = "truck-cont.bmp"; path = "../truck-cont.bmp"; sourceTree = "<group>"; };
		90ACCED3182495200064E26A /* truck-end.bmp */ = {isa = PBXFileReference; lastKnownFileType = image.bmp; name = "truck-end.bmp"; path = "../truck-end.bmp"; sourceTree = "<group>"; };
		90ACCED4182495200064E26A /* truck-start.bmp */ = {isa = PBXFileReference; lastKnownFileType = image.bmp; name = "truck-start.bmp"; path = "../truck-start.bmp"; sourceTree = "<group>"; };
		90ACCED5182495200064E26A /* turtle-down.bmp */ = {isa = PBXFileReference; lastKnownFileType = image.bmp; name = "turtle-down.bmp"; path = "../turtle-down.bmp"; sourceTree = "<group>"; };
		90ACCED6182495200064E26A /* turtle-up.bmp */ = {isa = PBXFileReference; lastKnownFileType = image.bmp; name = "turtle-up.bmp"; path = "../turtle-up.bmp"; sourceTree = "<group>"; };
		90FE7CED18208D23009FBB4B /* hwcfrog.app */ = {isa = PBXFileReference; explicitFileType = wrapper.application; includeInIndex = 0; path = hwcfrog.app; sourceTree = BUILT_PRODUCTS_DIR; };
		90FE7CF018208D23009FBB4B /* Cocoa.framework */ = {isa = PBXFileReference; lastKnownFileType = wrapper.framework; name = Cocoa.framework; path = System/Library/Frameworks/Cocoa.framework; sourceTree = SDKROOT; };
		90FE7CF318208D23009FBB4B /* AppKit.framework */ = {isa = PBXFileReference; lastKnownFileType = wrapper.framework; name = AppKit.framework; path = System/Library/Frameworks/AppKit.framework; sourceTree = SDKROOT; };
		90FE7CF418208D23009FBB4B /* CoreData.framework */ = {isa = PBXFileReference; lastKnownFileType = wrapper.framework; name = CoreData.framework; path = System/Library/Frameworks/CoreData.framework; sourceTree = SDKROOT; };
		90FE7CF518208D23009FBB4B /* Foundation.framework */ = {isa = PBXFileReference; lastKnownFileType = wrapper.framework; name = Foundation.framework; path = System/Library/Frameworks/Foundation.framework; sourceTree = SDKROOT; };
		90FE7CF818208D23009FBB4B /* hwcfrog-Info.plist */ = {isa = PBXFileReference; lastKnownFileType = text.plist.xml; path = "hwcfrog-Info.plist"; sourceTree = "<group>"; };
		90FE7CFA18208D23009FBB4B /* en */ = {isa = PBXFileReference; lastKnownFileType = text.plist.strings; name = en; path = en.lproj/InfoPlist.strings; sourceTree = "<group>"; };
		90FE7CFE18208D23009FBB4B /* hwcfrog-Prefix.pch */ = {isa = PBXFileReference; lastKnownFileType = sourcecode.c.h; path = "hwcfrog-Prefix.pch"; sourceTree = "<group>"; };
		90FE7D0018208D23009FBB4B /* en */ = {isa = PBXFileReference; lastKnownFileType = text.rtf; name = en; path = en.lproj/Credits.rtf; sourceTree = "<group>"; };
		90FE7D2318208EB2009FBB4B /* SDL2_image.framework */ = {isa = PBXFileReference; lastKnownFileType = wrapper.framework; name = SDL2_image.framework; path = ../../../Library/Frameworks/SDL2_image.framework; sourceTree = "<group>"; };
		90FE7D2418208EB2009FBB4B /* SDL2.framework */ = {isa = PBXFileReference; lastKnownFileType = wrapper.framework; name = SDL2.framework; path = ../../../Library/Frameworks/SDL2.framework; sourceTree = "<group>"; };
		90FE7D2718208F0D009FBB4B /* Game.cpp */ = {isa = PBXFileReference; fileEncoding = 4; lastKnownFileType = sourcecode.cpp.cpp; path = Game.cpp; sourceTree = "<group>"; };
		90FE7D2818208F0D009FBB4B /* Game.h */ = {isa = PBXFileReference; fileEncoding = 4; lastKnownFileType = sourcecode.c.h; path = Game.h; sourceTree = "<group>"; };
		90FE7D2A18208F2D009FBB4B /* main.cpp */ = {isa = PBXFileReference; fileEncoding = 4; lastKnownFileType = sourcecode.cpp.cpp; path = main.cpp; sourceTree = "<group>"; };
		90FE7D2B18208F2D009FBB4B /* main.h */ = {isa = PBXFileReference; fileEncoding = 4; lastKnownFileType = sourcecode.c.h; path = main.h; sourceTree = "<group>"; };
/* End PBXFileReference section */

/* Begin PBXFrameworksBuildPhase section */
		90FE7CEA18208D23009FBB4B /* Frameworks */ = {
			isa = PBXFrameworksBuildPhase;
			buildActionMask = 2147483647;
			files = (
				90FE7D2518208EB2009FBB4B /* SDL2_image.framework in Frameworks */,
				90FE7D2618208EB2009FBB4B /* SDL2.framework in Frameworks */,
				90FE7CF118208D23009FBB4B /* Cocoa.framework in Frameworks */,
			);
			runOnlyForDeploymentPostprocessing = 0;
		};
/* End PBXFrameworksBuildPhase section */

/* Begin PBXGroup section */
		90FE7CE418208D23009FBB4B = {
			isa = PBXGroup;
			children = (
				90FE7D2318208EB2009FBB4B /* SDL2_image.framework */,
				90FE7D2418208EB2009FBB4B /* SDL2.framework */,
				90FE7CF618208D23009FBB4B /* hwcfrog */,
				90FE7CEF18208D23009FBB4B /* Frameworks */,
				90FE7CEE18208D23009FBB4B /* Products */,
			);
			sourceTree = "<group>";
		};
		90FE7CEE18208D23009FBB4B /* Products */ = {
			isa = PBXGroup;
			children = (
				90FE7CED18208D23009FBB4B /* hwcfrog.app */,
			);
			name = Products;
			sourceTree = "<group>";
		};
		90FE7CEF18208D23009FBB4B /* Frameworks */ = {
			isa = PBXGroup;
			children = (
				90FE7CF018208D23009FBB4B /* Cocoa.framework */,
				90FE7CF218208D23009FBB4B /* Other Frameworks */,
			);
			name = Frameworks;
			sourceTree = "<group>";
		};
		90FE7CF218208D23009FBB4B /* Other Frameworks */ = {
			isa = PBXGroup;
			children = (
				90FE7CF318208D23009FBB4B /* AppKit.framework */,
				90FE7CF418208D23009FBB4B /* CoreData.framework */,
				90FE7CF518208D23009FBB4B /* Foundation.framework */,
			);
			name = "Other Frameworks";
			sourceTree = "<group>";
		};
		90FE7CF618208D23009FBB4B /* hwcfrog */ = {
			isa = PBXGroup;
			children = (
				90FE7CF718208D23009FBB4B /* Supporting Files */,
				90FE7D2718208F0D009FBB4B /* Game.cpp */,
				90FE7D2818208F0D009FBB4B /* Game.h */,
				90ACCE9A182494530064E26A /* GameWorld.cpp */,
				90ACCE9B182494530064E26A /* GameWorld.h */,
				1E9A0CA31828C09A001D323D /* Frog.cpp */,
				1E9A0CA41828C09A001D323D /* Frog.h */,
				9090291B18287FD700265EFE /* Sprite.cpp */,
				9090291C18287FD700265EFE /* Sprite.h */,
				90FE7D2A18208F2D009FBB4B /* main.cpp */,
				90FE7D2B18208F2D009FBB4B /* main.h */,
				90ACCE99182493D40064E26A /* VirtKeys.h */,
			);
			path = hwcfrog;
			sourceTree = "<group>";
		};
		90FE7CF718208D23009FBB4B /* Supporting Files */ = {
			isa = PBXGroup;
			children = (
				90ACCECA182495200064E26A /* bush.bmp */,
				90ACCECB182495200064E26A /* car-end.bmp */,
				90ACCECC182495200064E26A /* car-start.bmp */,
				90ACCECD182495200064E26A /* frog.bmp */,
				90ACCECE182495200064E26A /* log-cont.bmp */,
				90ACCECF182495200064E26A /* log-end.bmp */,
				90ACCED0182495200064E26A /* log-start.bmp */,
				90ACCED1182495200064E26A /* sidewalk.bmp */,
				90ACCED2182495200064E26A /* truck-cont.bmp */,
				90ACCED3182495200064E26A /* truck-end.bmp */,
				90ACCED4182495200064E26A /* truck-start.bmp */,
				90ACCED5182495200064E26A /* turtle-down.bmp */,
				90ACCED6182495200064E26A /* turtle-up.bmp */,
				90FE7CF818208D23009FBB4B /* hwcfrog-Info.plist */,
				90FE7CF918208D23009FBB4B /* InfoPlist.strings */,
				90FE7CFE18208D23009FBB4B /* hwcfrog-Prefix.pch */,
				90FE7CFF18208D23009FBB4B /* Credits.rtf */,
			);
			name = "Supporting Files";
			sourceTree = "<group>";
		};
/* End PBXGroup section */

/* Begin PBXNativeTarget section */
		90FE7CEC18208D23009FBB4B /* hwcfrog */ = {
			isa = PBXNativeTarget;
			buildConfigurationList = 90FE7D0A18208D23009FBB4B /* Build configuration list for PBXNativeTarget "hwcfrog" */;
			buildPhases = (
				90FE7CE918208D23009FBB4B /* Sources */,
				90FE7CEA18208D23009FBB4B /* Frameworks */,
				90FE7CEB18208D23009FBB4B /* Resources */,
			);
			buildRules = (
			);
			dependencies = (
			);
			name = hwcfrog;
			productName = hwcfrog;
			productReference = 90FE7CED18208D23009FBB4B /* hwcfrog.app */;
			productType = "com.apple.product-type.application";
		};
/* End PBXNativeTarget section */

/* Begin PBXProject section */
		90FE7CE518208D23009FBB4B /* Project object */ = {
			isa = PBXProject;
			attributes = {
				CLASSPREFIX = SPW;
				LastUpgradeCheck = 0460;
				ORGANIZATIONNAME = Sputwiler;
			};
			buildConfigurationList = 90FE7CE818208D23009FBB4B /* Build configuration list for PBXProject "hwcfrog" */;
			compatibilityVersion = "Xcode 3.2";
			developmentRegion = English;
			hasScannedForEncodings = 0;
			knownRegions = (
				en,
			);
			mainGroup = 90FE7CE418208D23009FBB4B;
			productRefGroup = 90FE7CEE18208D23009FBB4B /* Products */;
			projectDirPath = "";
			projectRoot = "";
			targets = (
				90FE7CEC18208D23009FBB4B /* hwcfrog */,
			);
		};
/* End PBXProject section */

/* Begin PBXResourcesBuildPhase section */
		90FE7CEB18208D23009FBB4B /* Resources */ = {
			isa = PBXResourcesBuildPhase;
			buildActionMask = 2147483647;
			files = (
				90FE7CFB18208D23009FBB4B /* InfoPlist.strings in Resources */,
				90FE7D0118208D23009FBB4B /* Credits.rtf in Resources */,
				90ACCED7182495200064E26A /* bush.bmp in Resources */,
				90ACCED8182495200064E26A /* car-end.bmp in Resources */,
				90ACCED9182495200064E26A /* car-start.bmp in Resources */,
				90ACCEDA182495200064E26A /* frog.bmp in Resources */,
				90ACCEDB182495200064E26A /* log-cont.bmp in Resources */,
				90ACCEDC182495200064E26A /* log-end.bmp in Resources */,
				90ACCEDD182495200064E26A /* log-start.bmp in Resources */,
				90ACCEDE182495200064E26A /* sidewalk.bmp in Resources */,
				90ACCEDF182495200064E26A /* truck-cont.bmp in Resources */,
				90ACCEE0182495200064E26A /* truck-end.bmp in Resources */,
				90ACCEE1182495200064E26A /* truck-start.bmp in Resources */,
				90ACCEE2182495200064E26A /* turtle-down.bmp in Resources */,
				90ACCEE3182495200064E26A /* turtle-up.bmp in Resources */,
			);
			runOnlyForDeploymentPostprocessing = 0;
		};
/* End PBXResourcesBuildPhase section */

/* Begin PBXSourcesBuildPhase section */
		90FE7CE918208D23009FBB4B /* Sources */ = {
			isa = PBXSourcesBuildPhase;
			buildActionMask = 2147483647;
			files = (
				90FE7D2918208F0D009FBB4B /* Game.cpp in Sources */,
				90FE7D2C18208F2D009FBB4B /* main.cpp in Sources */,
				90ACCE9C182494530064E26A /* GameWorld.cpp in Sources */,
				9090291D18287FD700265EFE /* Sprite.cpp in Sources */,
				1E9A0CA51828C09A001D323D /* Frog.cpp in Sources */,
			);
			runOnlyForDeploymentPostprocessing = 0;
		};
/* End PBXSourcesBuildPhase section */

/* Begin PBXVariantGroup section */
		90FE7CF918208D23009FBB4B /* InfoPlist.strings */ = {
			isa = PBXVariantGroup;
			children = (
				90FE7CFA18208D23009FBB4B /* en */,
			);
			name = InfoPlist.strings;
			sourceTree = "<group>";
		};
		90FE7CFF18208D23009FBB4B /* Credits.rtf */ = {
			isa = PBXVariantGroup;
			children = (
				90FE7D0018208D23009FBB4B /* en */,
			);
			name = Credits.rtf;
			sourceTree = "<group>";
		};
/* End PBXVariantGroup section */

/* Begin XCBuildConfiguration section */
		90FE7D0818208D23009FBB4B /* Debug */ = {
			isa = XCBuildConfiguration;
			buildSettings = {
				ALWAYS_SEARCH_USER_PATHS = NO;
				ARCHS = "$(ARCHS_STANDARD_64_BIT)";
				CLANG_CXX_LANGUAGE_STANDARD = "gnu++0x";
				CLANG_CXX_LIBRARY = "libc++";
				CLANG_WARN_CONSTANT_CONVERSION = YES;
				CLANG_WARN_EMPTY_BODY = YES;
				CLANG_WARN_ENUM_CONVERSION = YES;
				CLANG_WARN_INT_CONVERSION = YES;
				CLANG_WARN__DUPLICATE_METHOD_MATCH = YES;
				COPY_PHASE_STRIP = NO;
				GCC_C_LANGUAGE_STANDARD = gnu99;
				GCC_DYNAMIC_NO_PIC = NO;
				GCC_ENABLE_OBJC_EXCEPTIONS = YES;
				GCC_OPTIMIZATION_LEVEL = 0;
				GCC_PREPROCESSOR_DEFINITIONS = (
					"DEBUG=1",
					"$(inherited)",
				);
				GCC_SYMBOLS_PRIVATE_EXTERN = NO;
				GCC_WARN_64_TO_32_BIT_CONVERSION = YES;
				GCC_WARN_ABOUT_RETURN_TYPE = YES;
				GCC_WARN_UNINITIALIZED_AUTOS = YES;
				GCC_WARN_UNUSED_VARIABLE = YES;
				MACOSX_DEPLOYMENT_TARGET = 10.8;
				ONLY_ACTIVE_ARCH = YES;
				SDKROOT = macosx;
			};
			name = Debug;
		};
		90FE7D0918208D23009FBB4B /* Release */ = {
			isa = XCBuildConfiguration;
			buildSettings = {
				ALWAYS_SEARCH_USER_PATHS = NO;
				ARCHS = "$(ARCHS_STANDARD_64_BIT)";
				CLANG_CXX_LANGUAGE_STANDARD = "gnu++0x";
				CLANG_CXX_LIBRARY = "libc++";
				CLANG_WARN_CONSTANT_CONVERSION = YES;
				CLANG_WARN_EMPTY_BODY = YES;
				CLANG_WARN_ENUM_CONVERSION = YES;
				CLANG_WARN_INT_CONVERSION = YES;
				CLANG_WARN__DUPLICATE_METHOD_MATCH = YES;
				COPY_PHASE_STRIP = YES;
				DEBUG_INFORMATION_FORMAT = "dwarf-with-dsym";
				GCC_C_LANGUAGE_STANDARD = gnu99;
				GCC_ENABLE_OBJC_EXCEPTIONS = YES;
				GCC_WARN_64_TO_32_BIT_CONVERSION = YES;
				GCC_WARN_ABOUT_RETURN_TYPE = YES;
				GCC_WARN_UNINITIALIZED_AUTOS = YES;
				GCC_WARN_UNUSED_VARIABLE = YES;
				MACOSX_DEPLOYMENT_TARGET = 10.8;
				SDKROOT = macosx;
			};
			name = Release;
		};
		90FE7D0B18208D23009FBB4B /* Debug */ = {
			isa = XCBuildConfiguration;
			buildSettings = {
				COMBINE_HIDPI_IMAGES = YES;
				FRAMEWORK_SEARCH_PATHS = (
					"$(inherited)",
					"\"$(SRCROOT)/../../../Library/Frameworks\"",
				);
				GCC_PRECOMPILE_PREFIX_HEADER = YES;
				GCC_PREFIX_HEADER = "hwcfrog/hwcfrog-Prefix.pch";
				INFOPLIST_FILE = "hwcfrog/hwcfrog-Info.plist";
				PRODUCT_NAME = "$(TARGET_NAME)";
				WRAPPER_EXTENSION = app;
			};
			name = Debug;
		};
		90FE7D0C18208D23009FBB4B /* Release */ = {
			isa = XCBuildConfiguration;
			buildSettings = {
				COMBINE_HIDPI_IMAGES = YES;
				FRAMEWORK_SEARCH_PATHS = (
					"$(inherited)",
					"\"$(SRCROOT)/../../../Library/Frameworks\"",
				);
				GCC_PRECOMPILE_PREFIX_HEADER = YES;
				GCC_PREFIX_HEADER = "hwcfrog/hwcfrog-Prefix.pch";
				INFOPLIST_FILE = "hwcfrog/hwcfrog-Info.plist";
				PRODUCT_NAME = "$(TARGET_NAME)";
				WRAPPER_EXTENSION = app;
			};
			name = Release;
		};
/* End XCBuildConfiguration section */

/* Begin XCConfigurationList section */
		90FE7CE818208D23009FBB4B /* Build configuration list for PBXProject "hwcfrog" */ = {
			isa = XCConfigurationList;
			buildConfigurations = (
				90FE7D0818208D23009FBB4B /* Debug */,
				90FE7D0918208D23009FBB4B /* Release */,
			);
			defaultConfigurationIsVisible = 0;
			defaultConfigurationName = Release;
		};
		90FE7D0A18208D23009FBB4B /* Build configuration list for PBXNativeTarget "hwcfrog" */ = {
			isa = XCConfigurationList;
			buildConfigurations = (
				90FE7D0B18208D23009FBB4B /* Debug */,
				90FE7D0C18208D23009FBB4B /* Release */,
			);
			defaultConfigurationIsVisible = 0;
			defaultConfigurationName = Release;
		};
/* End XCConfigurationList section */
	};
	rootObject = 90FE7CE518208D23009FBB4B /* Project object */;
}
